
Microsoft Visual Studio Solution File, Format Version 12.00
# Visual Studio Version 16
VisualStudioVersion = 16.0.29215.179
MinimumVisualStudioVersion = 10.0.40219.1
Project("{FAE04EC0-301F-11D3-BF4B-00C04F79EFBC}") = "ItlizeProject1", "ItlizeProject1.csproj", "{AD0328B7-9130-41C3-897F-D52E3B342AB9}"
EndProject
Global
	GlobalSection(SolutionConfigurationPlatforms) = preSolution
		Debug|Any CPU = Debug|Any CPU
		Release|Any CPU = Release|Any CPU
	EndGlobalSection
	GlobalSection(ProjectConfigurationPlatforms) = postSolution
		{AD0328B7-9130-41C3-897F-D52E3B342AB9}.Debug|Any CPU.ActiveCfg = Debug|Any CPU
		{AD0328B7-9130-41C3-897F-D52E3B342AB9}.Debug|Any CPU.Build.0 = Debug|Any CPU
		{AD0328B7-9130-41C3-897F-D52E3B342AB9}.Release|Any CPU.ActiveCfg = Release|Any CPU
		{AD0328B7-9130-41C3-897F-D52E3B342AB9}.Release|Any CPU.Build.0 = Release|Any CPU
	EndGlobalSection
	GlobalSection(SolutionProperties) = preSolution
		HideSolutionNode = FALSE
	EndGlobalSection
	GlobalSection(ExtensibilityGlobals) = postSolution
		SolutionGuid = {F0430BDE-EB07-4C82-9666-3C91FCD45E88}
	EndGlobalSection
EndGlobal
